{
  "pins" : [
    {
      "identity" : "composablearchitechture",
      "kind" : "remoteSourceControl",
      "location" : "https://github.com/asobolevsky/ComposableArchitechture",
      "state" : {
        "revision" : "b6015142e8c570aba74d345ea311a200e4a8138f",
        "version" : "0.0.9"
      }
    }
  ],
  "version" : 2
}
