{
  "pins" : [
    {
      "identity" : "composablearchitechture",
      "kind" : "remoteSourceControl",
      "location" : "https://github.com/asobolevsky/ComposableArchitechture",
      "state" : {
        "revision" : "5d3b2e49b76cc86e3e5d44f841abde63bb854d6d",
        "version" : "0.0.7"
      }
    }
  ],
  "version" : 2
}
